// !$*UTF8*$!
{
	archiveVersion = 1;
	classes = {
	};
	objectVersion = 77;
	objects = {

/* Begin PBXBuildFile section */
		001370081F55A5424FC607D7 /* AppTheme.swift in Sources */ = {isa = PBXBuildFile; fileRef = 8380B175D99767AA3CD59F40 /* AppTheme.swift */; };
		028570D1E3476C50D9F980F9 /* MealLogResponse.swift in Sources */ = {isa = PBXBuildFile; fileRef = F760A6A6F9019F5AC89FCC27 /* MealLogResponse.swift */; };
		063D996A85D5B68EE42CF565 /* DietStyle.swift in Sources */ = {isa = PBXBuildFile; fileRef = 650D3A7CB757FAE31573AD15 /* DietStyle.swift */; };
		154C5B3DF37219AF6282BF8C /* FirebaseCrashlytics in Frameworks */ = {isa = PBXBuildFile; productRef = F6735907299460362922DFA5 /* FirebaseCrashlytics */; };
		242B52DDCEC0AE3AC5F626FC /* GoogleService-Info.plist in Resources */ = {isa = PBXBuildFile; fileRef = 2C88D45160A287CD2A3C3D54 /* GoogleService-Info.plist */; };
		29BF2F5C5868E157403160F6 /* LogCalWidget.swift in Sources */ = {isa = PBXBuildFile; fileRef = A6B596081B537E07E20CB224 /* LogCalWidget.swift */; };
		2D198668FE731FD22B216B22 /* MealEntry.swift in Sources */ = {isa = PBXBuildFile; fileRef = F57412CA14B03E8A19CE1A65 /* MealEntry.swift */; };
		65E52FC970D8BF31D949CAF6 /* SavedMeal.swift in Sources */ = {isa = PBXBuildFile; fileRef = 2A160E2322C14BEB15F351D8 /* SavedMeal.swift */; };
		9B2C80A22EFB39F100707824 /* FirebaseAuth in Frameworks */ = {isa = PBXBuildFile; productRef = 9B2C80A12EFB39F100707824 /* FirebaseAuth */; };
		9B2C80A42EFB39F100707824 /* FirebaseCore in Frameworks */ = {isa = PBXBuildFile; productRef = 9B2C80A32EFB39F100707824 /* FirebaseCore */; };
		9B2C80A62EFB39F100707824 /* FirebaseFunctions in Frameworks */ = {isa = PBXBuildFile; productRef = 9B2C80A52EFB39F100707824 /* FirebaseFunctions */; };
		9B2C80A82EFB39F100707824 /* FirebaseStorage in Frameworks */ = {isa = PBXBuildFile; productRef = 9B2C80A72EFB39F100707824 /* FirebaseStorage */; };
		9B2C80DF2EFB4BBC00707824 /* GoogleSignIn in Frameworks */ = {isa = PBXBuildFile; productRef = 9B2C80DE2EFB4BBC00707824 /* GoogleSignIn */; };
		9B2C80E12EFB4BBC00707824 /* GoogleSignInSwift in Frameworks */ = {isa = PBXBuildFile; productRef = 9B2C80E02EFB4BBC00707824 /* GoogleSignInSwift */; };
		9B2C80E42EFB4D0000707824 /* FirebaseFirestore in Frameworks */ = {isa = PBXBuildFile; productRef = 9B2C80E52EFB4D0000707824 /* FirebaseFirestore */; };
		9B9BFCBB2F0D938B00C7FD92 /* Lottie in Frameworks */ = {isa = PBXBuildFile; productRef = 9B9BFCBA2F0D938B00C7FD92 /* Lottie */; };
		9B9BFDCB2F0E5D2200C7FD92 /* FirebaseAnalytics in Frameworks */ = {isa = PBXBuildFile; productRef = 9B9BFDCA2F0E5D2200C7FD92 /* FirebaseAnalytics */; };
		A10E8CDE945F2EBDC404CB9C /* LogCalWidget.appex in CopyFiles */ = {isa = PBXBuildFile; fileRef = 3F6782AACBB5B343792F6A3A /* LogCalWidget.appex */; };
		F0AD0BB40C5A758BF8394A31 /* LogCalWidgetViews.swift in Sources */ = {isa = PBXBuildFile; fileRef = A1D4AE3F098F361C1F1F2703 /* LogCalWidgetViews.swift */; };
/* End PBXBuildFile section */

/* Begin PBXContainerItemProxy section */
		9AF882C210D128B2A9419F6A /* PBXContainerItemProxy */ = {
			isa = PBXContainerItemProxy;
			containerPortal = 9B2C7FBC2EEF6FE400707824 /* Project object */;
			proxyType = 1;
			remoteGlobalIDString = 3D3F1889FE00907722BE0D4E;
			remoteInfo = LogCalWidget;
		};
/* End PBXContainerItemProxy section */

/* Begin PBXCopyFilesBuildPhase section */
		9B9BFCB82F0D900C00C7FD92 /* Embed Frameworks */ = {
			isa = PBXCopyFilesBuildPhase;
			buildActionMask = 2147483647;
			dstPath = "";
			dstSubfolderSpec = 10;
			files = (
			);
			name = "Embed Frameworks";
			runOnlyForDeploymentPostprocessing = 0;
		};
		E13E80C9C4D14FC8646DD8A8 /* CopyFiles */ = {
			isa = PBXCopyFilesBuildPhase;
			buildActionMask = 2147483647;
			dstPath = "";
			dstSubfolderSpec = 13;
			files = (
				A10E8CDE945F2EBDC404CB9C /* LogCalWidget.appex in CopyFiles */,
			);
			runOnlyForDeploymentPostprocessing = 0;
		};
/* End PBXCopyFilesBuildPhase section */

/* Begin PBXFileReference section */
		2A160E2322C14BEB15F351D8 /* SavedMeal.swift */ = {isa = PBXFileReference; lastKnownFileType = sourcecode.swift; name = SavedMeal.swift; path = logcal/Models/SavedMeal.swift; sourceTree = "<group>"; };
		2C88D45160A287CD2A3C3D54 /* GoogleService-Info.plist */ = {isa = PBXFileReference; explicitFileType = text.plist; name = "GoogleService-Info.plist"; path = "logcal/GoogleService-Info.plist"; sourceTree = "<group>"; };
		2F5E21500D335FA610C7D8E4 /* LogCalWidget.entitlements */ = {isa = PBXFileReference; lastKnownFileType = text.plist.entitlements; path = LogCalWidget.entitlements; sourceTree = "<group>"; };
		3F6782AACBB5B343792F6A3A /* LogCalWidget.appex */ = {isa = PBXFileReference; explicitFileType = "wrapper.app-extension"; path = LogCalWidget.appex; sourceTree = BUILT_PRODUCTS_DIR; };
		650D3A7CB757FAE31573AD15 /* DietStyle.swift */ = {isa = PBXFileReference; lastKnownFileType = sourcecode.swift; name = DietStyle.swift; path = logcal/Models/DietStyle.swift; sourceTree = "<group>"; };
		8380B175D99767AA3CD59F40 /* AppTheme.swift */ = {isa = PBXFileReference; lastKnownFileType = sourcecode.swift; name = AppTheme.swift; path = logcal/Utils/AppTheme.swift; sourceTree = "<group>"; };
		9B2C7FC42EEF6FE400707824 /* logcal.app */ = {isa = PBXFileReference; explicitFileType = wrapper.application; includeInIndex = 0; path = logcal.app; sourceTree = BUILT_PRODUCTS_DIR; };
		A1D4AE3F098F361C1F1F2703 /* LogCalWidgetViews.swift */ = {isa = PBXFileReference; lastKnownFileType = sourcecode.swift; path = LogCalWidgetViews.swift; sourceTree = "<group>"; };
		A6B596081B537E07E20CB224 /* LogCalWidget.swift */ = {isa = PBXFileReference; lastKnownFileType = sourcecode.swift; path = LogCalWidget.swift; sourceTree = "<group>"; };
		AD365F0B5729A32292CE6E28 /* Info.plist */ = {isa = PBXFileReference; lastKnownFileType = text.plist.xml; path = Info.plist; sourceTree = "<group>"; };
		F57412CA14B03E8A19CE1A65 /* MealEntry.swift */ = {isa = PBXFileReference; lastKnownFileType = sourcecode.swift; name = MealEntry.swift; path = logcal/Models/MealEntry.swift; sourceTree = "<group>"; };
		F760A6A6F9019F5AC89FCC27 /* MealLogResponse.swift */ = {isa = PBXFileReference; lastKnownFileType = sourcecode.swift; name = MealLogResponse.swift; path = logcal/Models/MealLogResponse.swift; sourceTree = "<group>"; };
/* End PBXFileReference section */

/* Begin PBXFileSystemSynchronizedBuildFileExceptionSet section */
		9B2C80E32EFB4C6100707824 /* PBXFileSystemSynchronizedBuildFileExceptionSet */ = {
			isa = PBXFileSystemSynchronizedBuildFileExceptionSet;
			membershipExceptions = (
				Info.plist,
			);
			target = 9B2C7FC32EEF6FE400707824 /* logcal */;
		};
/* End PBXFileSystemSynchronizedBuildFileExceptionSet section */

/* Begin PBXFileSystemSynchronizedRootGroup section */
		9B2C7FC62EEF6FE400707824 /* logcal */ = {
			isa = PBXFileSystemSynchronizedRootGroup;
			exceptions = (
				9B2C80E32EFB4C6100707824 /* PBXFileSystemSynchronizedBuildFileExceptionSet */,
			);
			path = logcal;
			sourceTree = "<group>";
		};
/* End PBXFileSystemSynchronizedRootGroup section */

/* Begin PBXFrameworksBuildPhase section */
		4CE7DD104B3132A5407B96C9 /* Frameworks */ = {
			isa = PBXFrameworksBuildPhase;
			buildActionMask = 2147483647;
			files = (
			);
			runOnlyForDeploymentPostprocessing = 0;
		};
		9B2C7FC12EEF6FE400707824 /* Frameworks */ = {
			isa = PBXFrameworksBuildPhase;
			buildActionMask = 2147483647;
			files = (
				9B2C80DF2EFB4BBC00707824 /* GoogleSignIn in Frameworks */,
				9B2C80A62EFB39F100707824 /* FirebaseFunctions in Frameworks */,
				9B2C80A82EFB39F100707824 /* FirebaseStorage in Frameworks */,
				9B2C80E12EFB4BBC00707824 /* GoogleSignInSwift in Frameworks */,
				9B2C80A42EFB39F100707824 /* FirebaseCore in Frameworks */,
				9B2C80A22EFB39F100707824 /* FirebaseAuth in Frameworks */,
				9B2C80E42EFB4D0000707824 /* FirebaseFirestore in Frameworks */,
				9B9BFCBB2F0D938B00C7FD92 /* Lottie in Frameworks */,
				9B9BFDCB2F0E5D2200C7FD92 /* FirebaseAnalytics in Frameworks */,
				154C5B3DF37219AF6282BF8C /* FirebaseCrashlytics in Frameworks */,
			);
			runOnlyForDeploymentPostprocessing = 0;
		};
/* End PBXFrameworksBuildPhase section */

/* Begin PBXGroup section */
		79F16BDEA23C15298C74FE7C /* LogCalWidget */ = {
			isa = PBXGroup;
			children = (
				A6B596081B537E07E20CB224 /* LogCalWidget.swift */,
				A1D4AE3F098F361C1F1F2703 /* LogCalWidgetViews.swift */,
				2F5E21500D335FA610C7D8E4 /* LogCalWidget.entitlements */,
				AD365F0B5729A32292CE6E28 /* Info.plist */,
			);
			path = LogCalWidget;
			sourceTree = "<group>";
		};
		9B2C7FBB2EEF6FE400707824 = {
			isa = PBXGroup;
			children = (
				9B2C7FC62EEF6FE400707824 /* logcal */,
				9B9BFCB62F0D8F3B00C7FD92 /* Frameworks */,
				9B2C7FC52EEF6FE400707824 /* Products */,
				2C88D45160A287CD2A3C3D54 /* GoogleService-Info.plist */,
				79F16BDEA23C15298C74FE7C /* LogCalWidget */,
				F57412CA14B03E8A19CE1A65 /* MealEntry.swift */,
				2A160E2322C14BEB15F351D8 /* SavedMeal.swift */,
				F760A6A6F9019F5AC89FCC27 /* MealLogResponse.swift */,
				650D3A7CB757FAE31573AD15 /* DietStyle.swift */,
				8380B175D99767AA3CD59F40 /* AppTheme.swift */,
			);
			sourceTree = "<group>";
		};
		9B2C7FC52EEF6FE400707824 /* Products */ = {
			isa = PBXGroup;
			children = (
				9B2C7FC42EEF6FE400707824 /* logcal.app */,
				3F6782AACBB5B343792F6A3A /* LogCalWidget.appex */,
			);
			name = Products;
			sourceTree = "<group>";
		};
		9B9BFCB62F0D8F3B00C7FD92 /* Frameworks */ = {
			isa = PBXGroup;
			children = (
			);
			name = Frameworks;
			sourceTree = "<group>";
		};
/* End PBXGroup section */

/* Begin PBXNativeTarget section */
		3D3F1889FE00907722BE0D4E /* LogCalWidget */ = {
			isa = PBXNativeTarget;
			buildConfigurationList = C1E251D5B11547CC06A6A2D2 /* Build configuration list for PBXNativeTarget "LogCalWidget" */;
			buildPhases = (
				1B4253171AA2E39C9D8118E8 /* Sources */,
				4CE7DD104B3132A5407B96C9 /* Frameworks */,
				02FA2046EA88386F8E4D6A54 /* Resources */,
			);
			buildRules = (
			);
			dependencies = (
			);
			name = LogCalWidget;
			packageProductDependencies = (
			);
			productName = LogCalWidget;
			productReference = 3F6782AACBB5B343792F6A3A /* LogCalWidget.appex */;
			productType = "com.apple.product-type.app-extension";
		};
		9B2C7FC32EEF6FE400707824 /* logcal */ = {
			isa = PBXNativeTarget;
			buildConfigurationList = 9B2C7FCF2EEF6FE700707824 /* Build configuration list for PBXNativeTarget "logcal" */;
			buildPhases = (
				9B2C7FC02EEF6FE400707824 /* Sources */,
				9B2C7FC12EEF6FE400707824 /* Frameworks */,
				9B2C7FC22EEF6FE400707824 /* Resources */,
				9B9BFCB82F0D900C00C7FD92 /* Embed Frameworks */,
				E13E80C9C4D14FC8646DD8A8 /* CopyFiles */,
				F038DA0DF246748A35F8AFD9 /* ShellScript */,
			);
			buildRules = (
			);
			dependencies = (
				D59E5E05CC6ADCA87E102862 /* PBXTargetDependency */,
			);
			fileSystemSynchronizedGroups = (
				9B2C7FC62EEF6FE400707824 /* logcal */,
			);
			name = logcal;
			packageProductDependencies = (
				9B2C80A12EFB39F100707824 /* FirebaseAuth */,
				9B2C80A32EFB39F100707824 /* FirebaseCore */,
				9B2C80A52EFB39F100707824 /* FirebaseFunctions */,
				9B2C80A72EFB39F100707824 /* FirebaseStorage */,
				9B2C80DE2EFB4BBC00707824 /* GoogleSignIn */,
				9B2C80E02EFB4BBC00707824 /* GoogleSignInSwift */,
				9B2C80E52EFB4D0000707824 /* FirebaseFirestore */,
				9B9BFCBA2F0D938B00C7FD92 /* Lottie */,
				9B9BFDCA2F0E5D2200C7FD92 /* FirebaseAnalytics */,
				F6735907299460362922DFA5 /* FirebaseCrashlytics */,
			);
			productName = logcal;
			productReference = 9B2C7FC42EEF6FE400707824 /* logcal.app */;
			productType = "com.apple.product-type.application";
		};
/* End PBXNativeTarget section */

/* Begin PBXProject section */
		9B2C7FBC2EEF6FE400707824 /* Project object */ = {
			isa = PBXProject;
			attributes = {
				BuildIndependentTargetsInParallel = 1;
				LastSwiftUpdateCheck = 2620;
				LastUpgradeCheck = 2620;
				TargetAttributes = {
					9B2C7FC32EEF6FE400707824 = {
						CreatedOnToolsVersion = 26.2;
					};
				};
			};
			buildConfigurationList = 9B2C7FBF2EEF6FE400707824 /* Build configuration list for PBXProject "logcal" */;
			developmentRegion = en;
			hasScannedForEncodings = 0;
			knownRegions = (
				en,
				Base,
			);
			mainGroup = 9B2C7FBB2EEF6FE400707824;
			minimizedProjectReferenceProxies = 1;
			packageReferences = (
				9B2C80A02EFB39F100707824 /* XCRemoteSwiftPackageReference "firebase-ios-sdk" */,
				9B2C80DD2EFB4BBC00707824 /* XCRemoteSwiftPackageReference "GoogleSignIn-iOS" */,
				9B9BFCB92F0D938B00C7FD92 /* XCRemoteSwiftPackageReference "lottie-spm" */,
			);
			preferredProjectObjectVersion = 77;
			productRefGroup = 9B2C7FC52EEF6FE400707824 /* Products */;
			projectDirPath = "";
			projectRoot = "";
			targets = (
				9B2C7FC32EEF6FE400707824 /* logcal */,
				3D3F1889FE00907722BE0D4E /* LogCalWidget */,
			);
		};
/* End PBXProject section */

/* Begin PBXResourcesBuildPhase section */
		02FA2046EA88386F8E4D6A54 /* Resources */ = {
			isa = PBXResourcesBuildPhase;
			buildActionMask = 2147483647;
			files = (
			);
			runOnlyForDeploymentPostprocessing = 0;
		};
		9B2C7FC22EEF6FE400707824 /* Resources */ = {
			isa = PBXResourcesBuildPhase;
			buildActionMask = 2147483647;
			files = (
				242B52DDCEC0AE3AC5F626FC /* GoogleService-Info.plist in Resources */,
			);
			runOnlyForDeploymentPostprocessing = 0;
		};
/* End PBXResourcesBuildPhase section */

/* Begin PBXShellScriptBuildPhase section */
		F038DA0DF246748A35F8AFD9 /* ShellScript */ = {
			isa = PBXShellScriptBuildPhase;
			buildActionMask = 2147483647;
			files = (
			);
			inputPaths = (
				"${DWARF_DSYM_FOLDER_PATH}/${DWARF_DSYM_FILE_NAME}",
				"${DWARF_DSYM_FOLDER_PATH}/${DWARF_DSYM_FILE_NAME}/Contents/Resources/DWARF/${PRODUCT_NAME}",
				"${DWARF_DSYM_FOLDER_PATH}/${DWARF_DSYM_FILE_NAME}/Contents/Info.plist",
				"$(TARGET_BUILD_DIR)/$(UNLOCALIZED_RESOURCES_FOLDER_PATH)/GoogleService-Info.plist",
				"$(TARGET_BUILD_DIR)/$(EXECUTABLE_PATH)",
				"${DWARF_DSYM_FOLDER_PATH}/${DWARF_DSYM_FILE_NAME}/Contents/Resources/DWARF/${PRODUCT_NAME}.debug.dylib",
			);
			outputPaths = (
			);
			runOnlyForDeploymentPostprocessing = 0;
			shellPath = /bin/sh;
			shellScript = "\"${BUILD_DIR%/Build/*}/SourcePackages/checkouts/firebase-ios-sdk/Crashlytics/run\"\n";
		};
/* End PBXShellScriptBuildPhase section */

/* Begin PBXSourcesBuildPhase section */
		1B4253171AA2E39C9D8118E8 /* Sources */ = {
			isa = PBXSourcesBuildPhase;
			buildActionMask = 2147483647;
			files = (
				29BF2F5C5868E157403160F6 /* LogCalWidget.swift in Sources */,
				F0AD0BB40C5A758BF8394A31 /* LogCalWidgetViews.swift in Sources */,
				2D198668FE731FD22B216B22 /* MealEntry.swift in Sources */,
				65E52FC970D8BF31D949CAF6 /* SavedMeal.swift in Sources */,
				028570D1E3476C50D9F980F9 /* MealLogResponse.swift in Sources */,
				063D996A85D5B68EE42CF565 /* DietStyle.swift in Sources */,
				001370081F55A5424FC607D7 /* AppTheme.swift in Sources */,
			);
			runOnlyForDeploymentPostprocessing = 0;
		};
		9B2C7FC02EEF6FE400707824 /* Sources */ = {
			isa = PBXSourcesBuildPhase;
			buildActionMask = 2147483647;
			files = (
			);
			runOnlyForDeploymentPostprocessing = 0;
		};
/* End PBXSourcesBuildPhase section */

/* Begin PBXTargetDependency section */
		D59E5E05CC6ADCA87E102862 /* PBXTargetDependency */ = {
			isa = PBXTargetDependency;
			target = 3D3F1889FE00907722BE0D4E /* LogCalWidget */;
			targetProxy = 9AF882C210D128B2A9419F6A /* PBXContainerItemProxy */;
		};
/* End PBXTargetDependency section */

/* Begin XCBuildConfiguration section */
		6B190CC3406FFA2F1BC40D4A /* Debug */ = {
			isa = XCBuildConfiguration;
			buildSettings = {
				CODE_SIGN_ENTITLEMENTS = LogCalWidget/LogCalWidget.entitlements;
				CODE_SIGN_IDENTITY = "-";
				"CODE_SIGN_IDENTITY[sdk=iphoneos*]" = "Apple Development";
				CODE_SIGN_STYLE = Automatic;
				CURRENT_PROJECT_VERSION = 12;
				DEVELOPMENT_TEAM = Z5M4U33NJF;
				GENERATE_INFOPLIST_FILE = YES;
				INFOPLIST_FILE = LogCalWidget/Info.plist;
				IPHONEOS_DEPLOYMENT_TARGET = 17.0;
				LD_RUNPATH_SEARCH_PATHS = (
					"$(inherited)",
					"@executable_path/Frameworks",
					"@executable_path/../../Frameworks",
				);
				MARKETING_VERSION = 2.1;
				PRODUCT_BUNDLE_IDENTIFIER = com.serene.logcal.LogCalWidget;
				PRODUCT_NAME = LogCalWidget;
				SDKROOT = iphoneos;
				SUPPORTED_PLATFORMS = "iphonesimulator iphoneos";
				SWIFT_VERSION = 5.0;
				TARGETED_DEVICE_FAMILY = 1;
			};
			name = Debug;
		};
		6E9EE50F4BCEB1A161CD1DE5 /* Release */ = {
			isa = XCBuildConfiguration;
			buildSettings = {
				CODE_SIGN_ENTITLEMENTS = LogCalWidget/LogCalWidget.entitlements;
				CODE_SIGN_IDENTITY = "-";
				"CODE_SIGN_IDENTITY[sdk=iphoneos*]" = "Apple Development";
				CODE_SIGN_STYLE = Automatic;
				CURRENT_PROJECT_VERSION = 12;
				DEVELOPMENT_TEAM = Z5M4U33NJF;
				GENERATE_INFOPLIST_FILE = YES;
				INFOPLIST_FILE = LogCalWidget/Info.plist;
				IPHONEOS_DEPLOYMENT_TARGET = 17.0;
				LD_RUNPATH_SEARCH_PATHS = (
					"$(inherited)",
					"@executable_path/Frameworks",
					"@executable_path/../../Frameworks",
				);
				MARKETING_VERSION = 2.1;
				PRODUCT_BUNDLE_IDENTIFIER = com.serene.logcal.LogCalWidget;
				PRODUCT_NAME = LogCalWidget;
				SDKROOT = iphoneos;
				SUPPORTED_PLATFORMS = "iphonesimulator iphoneos";
				SWIFT_VERSION = 5.0;
				TARGETED_DEVICE_FAMILY = 1;
			};
			name = Release;
		};
		9B2C7FCD2EEF6FE700707824 /* Debug */ = {
			isa = XCBuildConfiguration;
			buildSettings = {
				ALWAYS_SEARCH_USER_PATHS = NO;
				ASSETCATALOG_COMPILER_GENERATE_SWIFT_ASSET_SYMBOL_EXTENSIONS = YES;
				CLANG_ANALYZER_NONNULL = YES;
				CLANG_ANALYZER_NUMBER_OBJECT_CONVERSION = YES_AGGRESSIVE;
				CLANG_CXX_LANGUAGE_STANDARD = "gnu++20";
				CLANG_ENABLE_MODULES = YES;
				CLANG_ENABLE_OBJC_ARC = YES;
				CLANG_ENABLE_OBJC_WEAK = YES;
				CLANG_WARN_BLOCK_CAPTURE_AUTORELEASING = YES;
				CLANG_WARN_BOOL_CONVERSION = YES;
				CLANG_WARN_COMMA = YES;
				CLANG_WARN_CONSTANT_CONVERSION = YES;
				CLANG_WARN_DEPRECATED_OBJC_IMPLEMENTATIONS = YES;
				CLANG_WARN_DIRECT_OBJC_ISA_USAGE = YES_ERROR;
				CLANG_WARN_DOCUMENTATION_COMMENTS = YES;
				CLANG_WARN_EMPTY_BODY = YES;
				CLANG_WARN_ENUM_CONVERSION = YES;
				CLANG_WARN_INFINITE_RECURSION = YES;
				CLANG_WARN_INT_CONVERSION = YES;
				CLANG_WARN_NON_LITERAL_NULL_CONVERSION = YES;
				CLANG_WARN_OBJC_IMPLICIT_RETAIN_SELF = YES;
				CLANG_WARN_OBJC_LITERAL_CONVERSION = YES;
				CLANG_WARN_OBJC_ROOT_CLASS = YES_ERROR;
				CLANG_WARN_QUOTED_INCLUDE_IN_FRAMEWORK_HEADER = YES;
				CLANG_WARN_RANGE_LOOP_ANALYSIS = YES;
				CLANG_WARN_STRICT_PROTOTYPES = YES;
				CLANG_WARN_SUSPICIOUS_MOVE = YES;
				CLANG_WARN_UNGUARDED_AVAILABILITY = YES_AGGRESSIVE;
				CLANG_WARN_UNREACHABLE_CODE = YES;
				CLANG_WARN__DUPLICATE_METHOD_MATCH = YES;
				COPY_PHASE_STRIP = NO;
				DEBUG_INFORMATION_FORMAT = "dwarf-with-dsym";
				ENABLE_STRICT_OBJC_MSGSEND = YES;
				ENABLE_TESTABILITY = YES;
				ENABLE_USER_SCRIPT_SANDBOXING = YES;
				GCC_C_LANGUAGE_STANDARD = gnu17;
				GCC_DYNAMIC_NO_PIC = NO;
				GCC_NO_COMMON_BLOCKS = YES;
				GCC_OPTIMIZATION_LEVEL = 0;
				GCC_PREPROCESSOR_DEFINITIONS = (
					"DEBUG=1",
					"$(inherited)",
				);
				GCC_WARN_64_TO_32_BIT_CONVERSION = YES;
				GCC_WARN_ABOUT_RETURN_TYPE = YES_ERROR;
				GCC_WARN_UNDECLARED_SELECTOR = YES;
				GCC_WARN_UNINITIALIZED_AUTOS = YES_AGGRESSIVE;
				GCC_WARN_UNUSED_FUNCTION = YES;
				GCC_WARN_UNUSED_VARIABLE = YES;
				IPHONEOS_DEPLOYMENT_TARGET = 16.6;
				LOCALIZATION_PREFERS_STRING_CATALOGS = YES;
				MTL_ENABLE_DEBUG_INFO = INCLUDE_SOURCE;
				MTL_FAST_MATH = YES;
				ONLY_ACTIVE_ARCH = YES;
				SDKROOT = iphoneos;
				SWIFT_ACTIVE_COMPILATION_CONDITIONS = "DEBUG $(inherited)";
				SWIFT_OPTIMIZATION_LEVEL = "-Onone";
			};
			name = Debug;
		};
		9B2C7FCE2EEF6FE700707824 /* Release */ = {
			isa = XCBuildConfiguration;
			buildSettings = {
				ALWAYS_SEARCH_USER_PATHS = NO;
				ASSETCATALOG_COMPILER_GENERATE_SWIFT_ASSET_SYMBOL_EXTENSIONS = YES;
				CLANG_ANALYZER_NONNULL = YES;
				CLANG_ANALYZER_NUMBER_OBJECT_CONVERSION = YES_AGGRESSIVE;
				CLANG_CXX_LANGUAGE_STANDARD = "gnu++20";
				CLANG_ENABLE_MODULES = YES;
				CLANG_ENABLE_OBJC_ARC = YES;
				CLANG_ENABLE_OBJC_WEAK = YES;
				CLANG_WARN_BLOCK_CAPTURE_AUTORELEASING = YES;
				CLANG_WARN_BOOL_CONVERSION = YES;
				CLANG_WARN_COMMA = YES;
				CLANG_WARN_CONSTANT_CONVERSION = YES;
				CLANG_WARN_DEPRECATED_OBJC_IMPLEMENTATIONS = YES;
				CLANG_WARN_DIRECT_OBJC_ISA_USAGE = YES_ERROR;
				CLANG_WARN_DOCUMENTATION_COMMENTS = YES;
				CLANG_WARN_EMPTY_BODY = YES;
				CLANG_WARN_ENUM_CONVERSION = YES;
				CLANG_WARN_INFINITE_RECURSION = YES;
				CLANG_WARN_INT_CONVERSION = YES;
				CLANG_WARN_NON_LITERAL_NULL_CONVERSION = YES;
				CLANG_WARN_OBJC_IMPLICIT_RETAIN_SELF = YES;
				CLANG_WARN_OBJC_LITERAL_CONVERSION = YES;
				CLANG_WARN_OBJC_ROOT_CLASS = YES_ERROR;
				CLANG_WARN_QUOTED_INCLUDE_IN_FRAMEWORK_HEADER = YES;
				CLANG_WARN_RANGE_LOOP_ANALYSIS = YES;
				CLANG_WARN_STRICT_PROTOTYPES = YES;
				CLANG_WARN_SUSPICIOUS_MOVE = YES;
				CLANG_WARN_UNGUARDED_AVAILABILITY = YES_AGGRESSIVE;
				CLANG_WARN_UNREACHABLE_CODE = YES;
				CLANG_WARN__DUPLICATE_METHOD_MATCH = YES;
				COPY_PHASE_STRIP = NO;
				DEBUG_INFORMATION_FORMAT = "dwarf-with-dsym";
				ENABLE_NS_ASSERTIONS = NO;
				ENABLE_STRICT_OBJC_MSGSEND = YES;
				ENABLE_USER_SCRIPT_SANDBOXING = YES;
				GCC_C_LANGUAGE_STANDARD = gnu17;
				GCC_NO_COMMON_BLOCKS = YES;
				GCC_WARN_64_TO_32_BIT_CONVERSION = YES;
				GCC_WARN_ABOUT_RETURN_TYPE = YES_ERROR;
				GCC_WARN_UNDECLARED_SELECTOR = YES;
				GCC_WARN_UNINITIALIZED_AUTOS = YES_AGGRESSIVE;
				GCC_WARN_UNUSED_FUNCTION = YES;
				GCC_WARN_UNUSED_VARIABLE = YES;
				IPHONEOS_DEPLOYMENT_TARGET = 16.6;
				LOCALIZATION_PREFERS_STRING_CATALOGS = YES;
				MTL_ENABLE_DEBUG_INFO = NO;
				MTL_FAST_MATH = YES;
				SDKROOT = iphoneos;
				SWIFT_COMPILATION_MODE = wholemodule;
				VALIDATE_PRODUCT = YES;
			};
			name = Release;
		};
		9B2C7FD02EEF6FE700707824 /* Debug */ = {
			isa = XCBuildConfiguration;
			buildSettings = {
				ASSETCATALOG_COMPILER_APPICON_NAME = AppIcon;
				ASSETCATALOG_COMPILER_GLOBAL_ACCENT_COLOR_NAME = AccentColor;
				ASSETCATALOG_COMPILER_INCLUDE_ALL_APPICON_ASSETS = NO;
				CODE_SIGN_ENTITLEMENTS = logcal/logcal.entitlements;
				CODE_SIGN_STYLE = Automatic;
				CURRENT_PROJECT_VERSION = 12;
				DEVELOPMENT_TEAM = Z5M4U33NJF;
				ENABLE_PREVIEWS = YES;
				GENERATE_INFOPLIST_FILE = YES;
				INFOPLIST_FILE = logcal/Info.plist;
				INFOPLIST_KEY_CFBundleDisplayName = LogCal;
				INFOPLIST_KEY_LSApplicationCategoryType = "public.app-category.healthcare-fitness";
				INFOPLIST_KEY_NSMicrophoneUsageDescription = "LogCal records short audio when you use dictation so it can be transcribed securely for meal logging.";
				INFOPLIST_KEY_UIApplicationSceneManifest_Generation = YES;
				INFOPLIST_KEY_UIApplicationSupportsIndirectInputEvents = YES;
				INFOPLIST_KEY_UILaunchStoryboardName = LaunchScreen;
				INFOPLIST_KEY_UISupportedInterfaceOrientations_iPad = "UIInterfaceOrientationPortrait UIInterfaceOrientationPortraitUpsideDown UIInterfaceOrientationLandscapeLeft UIInterfaceOrientationLandscapeRight";
				INFOPLIST_KEY_UISupportedInterfaceOrientations_iPhone = "UIInterfaceOrientationPortrait UIInterfaceOrientationLandscapeLeft UIInterfaceOrientationLandscapeRight";
				IPHONEOS_DEPLOYMENT_TARGET = 17.6;
				LD_RUNPATH_SEARCH_PATHS = (
					"$(inherited)",
					"@executable_path/Frameworks",
				);
				MARKETING_VERSION = 2.1;
				OTHER_LDFLAGS = "-ObjC";
				PRODUCT_BUNDLE_IDENTIFIER = com.serene.logcal;
				PRODUCT_NAME = "$(TARGET_NAME)";
				STRING_CATALOG_GENERATE_SYMBOLS = YES;
				SUPPORTED_PLATFORMS = "iphoneos iphonesimulator";
				SUPPORTS_MACCATALYST = NO;
				SUPPORTS_MAC_DESIGNED_FOR_IPHONE_IPAD = NO;
				SUPPORTS_XR_DESIGNED_FOR_IPHONE_IPAD = NO;
				SWIFT_APPROACHABLE_CONCURRENCY = YES;
				SWIFT_DEFAULT_ACTOR_ISOLATION = MainActor;
				SWIFT_EMIT_LOC_STRINGS = YES;
				SWIFT_UPCOMING_FEATURE_MEMBER_IMPORT_VISIBILITY = YES;
				SWIFT_VERSION = 5.0;
				TARGETED_DEVICE_FAMILY = "1,2";
			};
			name = Debug;
		};
		9B2C7FD12EEF6FE700707824 /* Release */ = {
			isa = XCBuildConfiguration;
			buildSettings = {
				ASSETCATALOG_COMPILER_APPICON_NAME = AppIcon;
				ASSETCATALOG_COMPILER_GLOBAL_ACCENT_COLOR_NAME = AccentColor;
				ASSETCATALOG_COMPILER_INCLUDE_ALL_APPICON_ASSETS = NO;
				CODE_SIGN_ENTITLEMENTS = logcal/logcal.entitlements;
				CODE_SIGN_STYLE = Automatic;
				CURRENT_PROJECT_VERSION = 12;
				DEVELOPMENT_TEAM = Z5M4U33NJF;
				ENABLE_PREVIEWS = YES;
				GENERATE_INFOPLIST_FILE = YES;
				INFOPLIST_FILE = logcal/Info.plist;
				INFOPLIST_KEY_CFBundleDisplayName = LogCal;
				INFOPLIST_KEY_LSApplicationCategoryType = "public.app-category.healthcare-fitness";
				INFOPLIST_KEY_NSMicrophoneUsageDescription = "LogCal records short audio when you use dictation so it can be transcribed securely for meal logging.";
				INFOPLIST_KEY_UIApplicationSceneManifest_Generation = YES;
				INFOPLIST_KEY_UIApplicationSupportsIndirectInputEvents = YES;
				INFOPLIST_KEY_UILaunchStoryboardName = LaunchScreen;
				INFOPLIST_KEY_UISupportedInterfaceOrientations_iPad = "UIInterfaceOrientationPortrait UIInterfaceOrientationPortraitUpsideDown UIInterfaceOrientationLandscapeLeft UIInterfaceOrientationLandscapeRight";
				INFOPLIST_KEY_UISupportedInterfaceOrientations_iPhone = "UIInterfaceOrientationPortrait UIInterfaceOrientationLandscapeLeft UIInterfaceOrientationLandscapeRight";
				IPHONEOS_DEPLOYMENT_TARGET = 17.6;
				LD_RUNPATH_SEARCH_PATHS = (
					"$(inherited)",
					"@executable_path/Frameworks",
				);
				MARKETING_VERSION = 2.1;
				OTHER_LDFLAGS = "-ObjC";
				PRODUCT_BUNDLE_IDENTIFIER = com.serene.logcal;
				PRODUCT_NAME = "$(TARGET_NAME)";
				STRING_CATALOG_GENERATE_SYMBOLS = YES;
				SUPPORTED_PLATFORMS = "iphoneos iphonesimulator";
				SUPPORTS_MACCATALYST = NO;
				SUPPORTS_MAC_DESIGNED_FOR_IPHONE_IPAD = NO;
				SUPPORTS_XR_DESIGNED_FOR_IPHONE_IPAD = NO;
				SWIFT_APPROACHABLE_CONCURRENCY = YES;
				SWIFT_DEFAULT_ACTOR_ISOLATION = MainActor;
				SWIFT_EMIT_LOC_STRINGS = YES;
				SWIFT_UPCOMING_FEATURE_MEMBER_IMPORT_VISIBILITY = YES;
				SWIFT_VERSION = 5.0;
				TARGETED_DEVICE_FAMILY = "1,2";
			};
			name = Release;
		};
/* End XCBuildConfiguration section */

/* Begin XCConfigurationList section */
		9B2C7FBF2EEF6FE400707824 /* Build configuration list for PBXProject "logcal" */ = {
			isa = XCConfigurationList;
			buildConfigurations = (
				9B2C7FCD2EEF6FE700707824 /* Debug */,
				9B2C7FCE2EEF6FE700707824 /* Release */,
			);
			defaultConfigurationIsVisible = 0;
			defaultConfigurationName = Release;
		};
		9B2C7FCF2EEF6FE700707824 /* Build configuration list for PBXNativeTarget "logcal" */ = {
			isa = XCConfigurationList;
			buildConfigurations = (
				9B2C7FD02EEF6FE700707824 /* Debug */,
				9B2C7FD12EEF6FE700707824 /* Release */,
			);
			defaultConfigurationIsVisible = 0;
			defaultConfigurationName = Release;
		};
		C1E251D5B11547CC06A6A2D2 /* Build configuration list for PBXNativeTarget "LogCalWidget" */ = {
			isa = XCConfigurationList;
			buildConfigurations = (
				6B190CC3406FFA2F1BC40D4A /* Debug */,
				6E9EE50F4BCEB1A161CD1DE5 /* Release */,
			);
			defaultConfigurationIsVisible = 0;
			defaultConfigurationName = Release;
		};
/* End XCConfigurationList section */

/* Begin XCRemoteSwiftPackageReference section */
		9B2C80A02EFB39F100707824 /* XCRemoteSwiftPackageReference "firebase-ios-sdk" */ = {
			isa = XCRemoteSwiftPackageReference;
			repositoryURL = "https://github.com/firebase/firebase-ios-sdk";
			requirement = {
				kind = upToNextMajorVersion;
				minimumVersion = 12.7.0;
			};
		};
		9B2C80DD2EFB4BBC00707824 /* XCRemoteSwiftPackageReference "GoogleSignIn-iOS" */ = {
			isa = XCRemoteSwiftPackageReference;
			repositoryURL = "https://github.com/google/GoogleSignIn-iOS";
			requirement = {
				kind = upToNextMajorVersion;
				minimumVersion = 9.0.0;
			};
		};
		9B9BFCB92F0D938B00C7FD92 /* XCRemoteSwiftPackageReference "lottie-spm" */ = {
			isa = XCRemoteSwiftPackageReference;
			repositoryURL = "https://github.com/airbnb/lottie-spm.git";
			requirement = {
				kind = upToNextMajorVersion;
				minimumVersion = 4.5.2;
			};
		};
/* End XCRemoteSwiftPackageReference section */

/* Begin XCSwiftPackageProductDependency section */
		9B2C80A12EFB39F100707824 /* FirebaseAuth */ = {
			isa = XCSwiftPackageProductDependency;
			package = 9B2C80A02EFB39F100707824 /* XCRemoteSwiftPackageReference "firebase-ios-sdk" */;
			productName = FirebaseAuth;
		};
		9B2C80A32EFB39F100707824 /* FirebaseCore */ = {
			isa = XCSwiftPackageProductDependency;
			package = 9B2C80A02EFB39F100707824 /* XCRemoteSwiftPackageReference "firebase-ios-sdk" */;
			productName = FirebaseCore;
		};
		9B2C80A52EFB39F100707824 /* FirebaseFunctions */ = {
			isa = XCSwiftPackageProductDependency;
			package = 9B2C80A02EFB39F100707824 /* XCRemoteSwiftPackageReference "firebase-ios-sdk" */;
			productName = FirebaseFunctions;
		};
		9B2C80A72EFB39F100707824 /* FirebaseStorage */ = {
			isa = XCSwiftPackageProductDependency;
			package = 9B2C80A02EFB39F100707824 /* XCRemoteSwiftPackageReference "firebase-ios-sdk" */;
			productName = FirebaseStorage;
		};
		9B2C80DE2EFB4BBC00707824 /* GoogleSignIn */ = {
			isa = XCSwiftPackageProductDependency;
			package = 9B2C80DD2EFB4BBC00707824 /* XCRemoteSwiftPackageReference "GoogleSignIn-iOS" */;
			productName = GoogleSignIn;
		};
		9B2C80E02EFB4BBC00707824 /* GoogleSignInSwift */ = {
			isa = XCSwiftPackageProductDependency;
			package = 9B2C80DD2EFB4BBC00707824 /* XCRemoteSwiftPackageReference "GoogleSignIn-iOS" */;
			productName = GoogleSignInSwift;
		};
		9B2C80E52EFB4D0000707824 /* FirebaseFirestore */ = {
			isa = XCSwiftPackageProductDependency;
			package = 9B2C80A02EFB39F100707824 /* XCRemoteSwiftPackageReference "firebase-ios-sdk" */;
			productName = FirebaseFirestore;
		};
		9B9BFCBA2F0D938B00C7FD92 /* Lottie */ = {
			isa = XCSwiftPackageProductDependency;
			package = 9B9BFCB92F0D938B00C7FD92 /* XCRemoteSwiftPackageReference "lottie-spm" */;
			productName = Lottie;
		};
		9B9BFDCA2F0E5D2200C7FD92 /* FirebaseAnalytics */ = {
			isa = XCSwiftPackageProductDependency;
			package = 9B2C80A02EFB39F100707824 /* XCRemoteSwiftPackageReference "firebase-ios-sdk" */;
			productName = FirebaseAnalytics;
		};
		F6735907299460362922DFA5 /* FirebaseCrashlytics */ = {
			isa = XCSwiftPackageProductDependency;
			package = 9B2C80A02EFB39F100707824 /* XCRemoteSwiftPackageReference "firebase-ios-sdk" */;
			productName = FirebaseCrashlytics;
		};
/* End XCSwiftPackageProductDependency section */
	};
	rootObject = 9B2C7FBC2EEF6FE400707824 /* Project object */;
}
